
Microsoft Visual Studio Solution File, Format Version 12.00
# Visual Studio 14
VisualStudioVersion = 14.0.25420.1
MinimumVisualStudioVersion = 10.0.40219.1
Project("{FAE04EC0-301F-11D3-BF4B-00C04F79EFBC}") = "ColorMixERP", "ColorMixERP\ColorMixERP.csproj", "{B8A96314-2620-4696-BB1A-758D9DA85B61}"
EndProject
Project("{FAE04EC0-301F-11D3-BF4B-00C04F79EFBC}") = "ColorMixERP.Server", "ColorMixERP.Server\ColorMixERP.Server.csproj", "{A2884584-ED86-4BBD-A7C5-D1766B17BC50}"
EndProject
Global
	GlobalSection(SolutionConfigurationPlatforms) = preSolution
		Debug|Any CPU = Debug|Any CPU
		Release|Any CPU = Release|Any CPU
	EndGlobalSection
	GlobalSection(ProjectConfigurationPlatforms) = postSolution
		{B8A96314-2620-4696-BB1A-758D9DA85B61}.Debug|Any CPU.ActiveCfg = Debug|Any CPU
		{B8A96314-2620-4696-BB1A-758D9DA85B61}.Debug|Any CPU.Build.0 = Debug|Any CPU
		{B8A96314-2620-4696-BB1A-758D9DA85B61}.Release|Any CPU.ActiveCfg = Release|Any CPU
		{B8A96314-2620-4696-BB1A-758D9DA85B61}.Release|Any CPU.Build.0 = Release|Any CPU
		{A2884584-ED86-4BBD-A7C5-D1766B17BC50}.Debug|Any CPU.ActiveCfg = Debug|Any CPU
		{A2884584-ED86-4BBD-A7C5-D1766B17BC50}.Debug|Any CPU.Build.0 = Debug|Any CPU
		{A2884584-ED86-4BBD-A7C5-D1766B17BC50}.Release|Any CPU.ActiveCfg = Release|Any CPU
		{A2884584-ED86-4BBD-A7C5-D1766B17BC50}.Release|Any CPU.Build.0 = Release|Any CPU
	EndGlobalSection
	GlobalSection(SolutionProperties) = preSolution
		HideSolutionNode = FALSE
	EndGlobalSection
EndGlobal
